// !$*UTF8*$!
{
	archiveVersion = 1;
	classes = {
	};
	objectVersion = 46;
	objects = {

/* Begin PBXBuildFile section */
		C91DBA9F180093AD0007DC21 /* GNTimePickerViewController.m in Sources */ = {isa = PBXBuildFile; fileRef = C91DBA9D180093AD0007DC21 /* GNTimePickerViewController.m */; };
		C91DBAA0180093AD0007DC21 /* GNTimePickerViewController.xib in Resources */ = {isa = PBXBuildFile; fileRef = C91DBA9E180093AD0007DC21 /* GNTimePickerViewController.xib */; };
		C968CC3917E91711005CD5F4 /* MTZOutlineLayer.m in Sources */ = {isa = PBXBuildFile; fileRef = C968CC3817E91711005CD5F4 /* MTZOutlineLayer.m */; };
		C968CC4417EA676F005CD5F4 /* GNInfoViewController.m in Sources */ = {isa = PBXBuildFile; fileRef = C968CC4217EA676F005CD5F4 /* GNInfoViewController.m */; };
		C968CC4517EA676F005CD5F4 /* GNInfoViewController.xib in Resources */ = {isa = PBXBuildFile; fileRef = C968CC4317EA676F005CD5F4 /* GNInfoViewController.xib */; };
		C969821E17E54BC700AB44F6 /* QuartzCore.framework in Frameworks */ = {isa = PBXBuildFile; fileRef = C969821D17E54BC700AB44F6 /* QuartzCore.framework */; };
		C969822117E54F6D00AB44F6 /* UIImage+BezierPath.m in Sources */ = {isa = PBXBuildFile; fileRef = C969822017E54F6D00AB44F6 /* UIImage+BezierPath.m */; };
		C969822717E6C52C00AB44F6 /* MTZOutlinedButton.m in Sources */ = {isa = PBXBuildFile; fileRef = C969822617E6C52C00AB44F6 /* MTZOutlinedButton.m */; };
		C98E128517E7C279009AC0C6 /* MTZTriangleView.m in Sources */ = {isa = PBXBuildFile; fileRef = C98E128417E7C279009AC0C6 /* MTZTriangleView.m */; };
		C9E6CFD417E2326100E65CE9 /* Images.xcassets in Resources */ = {isa = PBXBuildFile; fileRef = C9E6CFD317E2326100E65CE9 /* Images.xcassets */; };
		C9ED790015549BCB002064B2 /* UIKit.framework in Frameworks */ = {isa = PBXBuildFile; fileRef = C9ED78FF15549BCB002064B2 /* UIKit.framework */; };
		C9ED790215549BCB002064B2 /* Foundation.framework in Frameworks */ = {isa = PBXBuildFile; fileRef = C9ED790115549BCB002064B2 /* Foundation.framework */; };
		C9ED790415549BCB002064B2 /* CoreGraphics.framework in Frameworks */ = {isa = PBXBuildFile; fileRef = C9ED790315549BCB002064B2 /* CoreGraphics.framework */; };
		C9ED790A15549BCB002064B2 /* InfoPlist.strings in Resources */ = {isa = PBXBuildFile; fileRef = C9ED790815549BCB002064B2 /* InfoPlist.strings */; };
		C9ED790C15549BCB002064B2 /* main.m in Sources */ = {isa = PBXBuildFile; fileRef = C9ED790B15549BCB002064B2 /* main.m */; };
		C9ED791015549BCB002064B2 /* GNAppDelegate.m in Sources */ = {isa = PBXBuildFile; fileRef = C9ED790F15549BCB002064B2 /* GNAppDelegate.m */; };
		C9ED791215549BCB002064B2 /* Goodnight.entitlements in Resources */ = {isa = PBXBuildFile; fileRef = C9ED791115549BCB002064B2 /* Goodnight.entitlements */; };
		C9ED791515549BCB002064B2 /* MainStoryboard.storyboard in Resources */ = {isa = PBXBuildFile; fileRef = C9ED791315549BCB002064B2 /* MainStoryboard.storyboard */; };
		C9ED791815549BCB002064B2 /* GNViewController.m in Sources */ = {isa = PBXBuildFile; fileRef = C9ED791715549BCB002064B2 /* GNViewController.m */; };
		C9F0677C17EBB1B9006E243F /* GNTimesViewController.m in Sources */ = {isa = PBXBuildFile; fileRef = C9F0677A17EBB1B9006E243F /* GNTimesViewController.m */; };
		C9F0677D17EBB1B9006E243F /* GNTimesViewController.xib in Resources */ = {isa = PBXBuildFile; fileRef = C9F0677B17EBB1B9006E243F /* GNTimesViewController.xib */; };
/* End PBXBuildFile section */

/* Begin PBXFileReference section */
		C91DBA9C180093AD0007DC21 /* GNTimePickerViewController.h */ = {isa = PBXFileReference; fileEncoding = 4; lastKnownFileType = sourcecode.c.h; path = GNTimePickerViewController.h; sourceTree = "<group>"; };
		C91DBA9D180093AD0007DC21 /* GNTimePickerViewController.m */ = {isa = PBXFileReference; fileEncoding = 4; lastKnownFileType = sourcecode.c.objc; path = GNTimePickerViewController.m; sourceTree = "<group>"; };
		C91DBA9E180093AD0007DC21 /* GNTimePickerViewController.xib */ = {isa = PBXFileReference; fileEncoding = 4; lastKnownFileType = file.xib; path = GNTimePickerViewController.xib; sourceTree = "<group>"; };
		C968CC3717E91711005CD5F4 /* MTZOutlineLayer.h */ = {isa = PBXFileReference; fileEncoding = 4; lastKnownFileType = sourcecode.c.h; path = MTZOutlineLayer.h; sourceTree = "<group>"; };
		C968CC3817E91711005CD5F4 /* MTZOutlineLayer.m */ = {isa = PBXFileReference; fileEncoding = 4; lastKnownFileType = sourcecode.c.objc; path = MTZOutlineLayer.m; sourceTree = "<group>"; };
		C968CC4117EA676F005CD5F4 /* GNInfoViewController.h */ = {isa = PBXFileReference; fileEncoding = 4; lastKnownFileType = sourcecode.c.h; path = GNInfoViewController.h; sourceTree = "<group>"; };
		C968CC4217EA676F005CD5F4 /* GNInfoViewController.m */ = {isa = PBXFileReference; fileEncoding = 4; lastKnownFileType = sourcecode.c.objc; path = GNInfoViewController.m; sourceTree = "<group>"; };
		C968CC4317EA676F005CD5F4 /* GNInfoViewController.xib */ = {isa = PBXFileReference; fileEncoding = 4; lastKnownFileType = file.xib; path = GNInfoViewController.xib; sourceTree = "<group>"; };
		C969821D17E54BC700AB44F6 /* QuartzCore.framework */ = {isa = PBXFileReference; lastKnownFileType = wrapper.framework; name = QuartzCore.framework; path = System/Library/Frameworks/QuartzCore.framework; sourceTree = SDKROOT; };
		C969821F17E54F6D00AB44F6 /* UIImage+BezierPath.h */ = {isa = PBXFileReference; fileEncoding = 4; lastKnownFileType = sourcecode.c.h; path = "UIImage+BezierPath.h"; sourceTree = "<group>"; };
		C969822017E54F6D00AB44F6 /* UIImage+BezierPath.m */ = {isa = PBXFileReference; fileEncoding = 4; lastKnownFileType = sourcecode.c.objc; path = "UIImage+BezierPath.m"; sourceTree = "<group>"; };
		C969822517E6C52C00AB44F6 /* MTZOutlinedButton.h */ = {isa = PBXFileReference; fileEncoding = 4; lastKnownFileType = sourcecode.c.h; path = MTZOutlinedButton.h; sourceTree = "<group>"; };
		C969822617E6C52C00AB44F6 /* MTZOutlinedButton.m */ = {isa = PBXFileReference; fileEncoding = 4; lastKnownFileType = sourcecode.c.objc; path = MTZOutlinedButton.m; sourceTree = "<group>"; };
		C98E128317E7C279009AC0C6 /* MTZTriangleView.h */ = {isa = PBXFileReference; fileEncoding = 4; lastKnownFileType = sourcecode.c.h; path = MTZTriangleView.h; sourceTree = "<group>"; };
		C98E128417E7C279009AC0C6 /* MTZTriangleView.m */ = {isa = PBXFileReference; fileEncoding = 4; lastKnownFileType = sourcecode.c.objc; path = MTZTriangleView.m; sourceTree = "<group>"; };
		C9E6CFD317E2326100E65CE9 /* Images.xcassets */ = {isa = PBXFileReference; lastKnownFileType = folder.assetcatalog; path = Images.xcassets; sourceTree = "<group>"; };
		C9ED78FB15549BCB002064B2 /* Goodnight.app */ = {isa = PBXFileReference; explicitFileType = wrapper.application; includeInIndex = 0; path = Goodnight.app; sourceTree = BUILT_PRODUCTS_DIR; };
		C9ED78FF15549BCB002064B2 /* UIKit.framework */ = {isa = PBXFileReference; lastKnownFileType = wrapper.framework; name = UIKit.framework; path = System/Library/Frameworks/UIKit.framework; sourceTree = SDKROOT; };
		C9ED790115549BCB002064B2 /* Foundation.framework */ = {isa = PBXFileReference; lastKnownFileType = wrapper.framework; name = Foundation.framework; path = System/Library/Frameworks/Foundation.framework; sourceTree = SDKROOT; };
		C9ED790315549BCB002064B2 /* CoreGraphics.framework */ = {isa = PBXFileReference; lastKnownFileType = wrapper.framework; name = CoreGraphics.framework; path = System/Library/Frameworks/CoreGraphics.framework; sourceTree = SDKROOT; };
		C9ED790715549BCB002064B2 /* Goodnight-Info.plist */ = {isa = PBXFileReference; lastKnownFileType = text.plist.xml; path = "Goodnight-Info.plist"; sourceTree = "<group>"; };
		C9ED790915549BCB002064B2 /* en */ = {isa = PBXFileReference; lastKnownFileType = text.plist.strings; name = en; path = en.lproj/InfoPlist.strings; sourceTree = "<group>"; };
		C9ED790B15549BCB002064B2 /* main.m */ = {isa = PBXFileReference; lastKnownFileType = sourcecode.c.objc; path = main.m; sourceTree = "<group>"; };
		C9ED790D15549BCB002064B2 /* Goodnight-Prefix.pch */ = {isa = PBXFileReference; lastKnownFileType = sourcecode.c.h; path = "Goodnight-Prefix.pch"; sourceTree = "<group>"; };
		C9ED790E15549BCB002064B2 /* GNAppDelegate.h */ = {isa = PBXFileReference; lastKnownFileType = sourcecode.c.h; path = GNAppDelegate.h; sourceTree = "<group>"; };
		C9ED790F15549BCB002064B2 /* GNAppDelegate.m */ = {isa = PBXFileReference; lastKnownFileType = sourcecode.c.objc; path = GNAppDelegate.m; sourceTree = "<group>"; };
		C9ED791115549BCB002064B2 /* Goodnight.entitlements */ = {isa = PBXFileReference; lastKnownFileType = text.xml; path = Goodnight.entitlements; sourceTree = "<group>"; };
		C9ED791415549BCB002064B2 /* en */ = {isa = PBXFileReference; lastKnownFileType = file.storyboard; name = en; path = en.lproj/MainStoryboard.storyboard; sourceTree = "<group>"; };
		C9ED791615549BCB002064B2 /* GNViewController.h */ = {isa = PBXFileReference; lastKnownFileType = sourcecode.c.h; path = GNViewController.h; sourceTree = "<group>"; };
		C9ED791715549BCB002064B2 /* GNViewController.m */ = {isa = PBXFileReference; lastKnownFileType = sourcecode.c.objc; path = GNViewController.m; sourceTree = "<group>"; };
		C9F0677917EBB1B9006E243F /* GNTimesViewController.h */ = {isa = PBXFileReference; fileEncoding = 4; lastKnownFileType = sourcecode.c.h; path = GNTimesViewController.h; sourceTree = "<group>"; };
		C9F0677A17EBB1B9006E243F /* GNTimesViewController.m */ = {isa = PBXFileReference; fileEncoding = 4; lastKnownFileType = sourcecode.c.objc; path = GNTimesViewController.m; sourceTree = "<group>"; };
		C9F0677B17EBB1B9006E243F /* GNTimesViewController.xib */ = {isa = PBXFileReference; fileEncoding = 4; lastKnownFileType = file.xib; path = GNTimesViewController.xib; sourceTree = "<group>"; };
/* End PBXFileReference section */

/* Begin PBXFrameworksBuildPhase section */
		C9ED78F815549BCB002064B2 /* Frameworks */ = {
			isa = PBXFrameworksBuildPhase;
			buildActionMask = 2147483647;
			files = (
				C969821E17E54BC700AB44F6 /* QuartzCore.framework in Frameworks */,
				C9ED790015549BCB002064B2 /* UIKit.framework in Frameworks */,
				C9ED790215549BCB002064B2 /* Foundation.framework in Frameworks */,
				C9ED790415549BCB002064B2 /* CoreGraphics.framework in Frameworks */,
			);
			runOnlyForDeploymentPostprocessing = 0;
		};
/* End PBXFrameworksBuildPhase section */

/* Begin PBXGroup section */
		C9ED78F015549BCB002064B2 = {
			isa = PBXGroup;
			children = (
				C9ED790515549BCB002064B2 /* Goodnight */,
				C9ED78FE15549BCB002064B2 /* Frameworks */,
				C9ED78FC15549BCB002064B2 /* Products */,
			);
			sourceTree = "<group>";
		};
		C9ED78FC15549BCB002064B2 /* Products */ = {
			isa = PBXGroup;
			children = (
				C9ED78FB15549BCB002064B2 /* Goodnight.app */,
			);
			name = Products;
			sourceTree = "<group>";
		};
		C9ED78FE15549BCB002064B2 /* Frameworks */ = {
			isa = PBXGroup;
			children = (
				C969821D17E54BC700AB44F6 /* QuartzCore.framework */,
				C9ED78FF15549BCB002064B2 /* UIKit.framework */,
				C9ED790115549BCB002064B2 /* Foundation.framework */,
				C9ED790315549BCB002064B2 /* CoreGraphics.framework */,
			);
			name = Frameworks;
			sourceTree = "<group>";
		};
		C9ED790515549BCB002064B2 /* Goodnight */ = {
			isa = PBXGroup;
			children = (
				C9ED790E15549BCB002064B2 /* GNAppDelegate.h */,
				C9ED790F15549BCB002064B2 /* GNAppDelegate.m */,
				C9ED791615549BCB002064B2 /* GNViewController.h */,
				C9ED791715549BCB002064B2 /* GNViewController.m */,
				C9ED791315549BCB002064B2 /* MainStoryboard.storyboard */,
				C91DBA9C180093AD0007DC21 /* GNTimePickerViewController.h */,
				C91DBA9D180093AD0007DC21 /* GNTimePickerViewController.m */,
				C91DBA9E180093AD0007DC21 /* GNTimePickerViewController.xib */,
				C968CC4117EA676F005CD5F4 /* GNInfoViewController.h */,
				C968CC4217EA676F005CD5F4 /* GNInfoViewController.m */,
				C968CC4317EA676F005CD5F4 /* GNInfoViewController.xib */,
				C9F0677917EBB1B9006E243F /* GNTimesViewController.h */,
				C9F0677A17EBB1B9006E243F /* GNTimesViewController.m */,
				C9F0677B17EBB1B9006E243F /* GNTimesViewController.xib */,
				C969821F17E54F6D00AB44F6 /* UIImage+BezierPath.h */,
				C969822017E54F6D00AB44F6 /* UIImage+BezierPath.m */,
				C969822517E6C52C00AB44F6 /* MTZOutlinedButton.h */,
				C969822617E6C52C00AB44F6 /* MTZOutlinedButton.m */,
				C968CC3717E91711005CD5F4 /* MTZOutlineLayer.h */,
				C968CC3817E91711005CD5F4 /* MTZOutlineLayer.m */,
				C98E128317E7C279009AC0C6 /* MTZTriangleView.h */,
				C98E128417E7C279009AC0C6 /* MTZTriangleView.m */,
				C9E6CFD317E2326100E65CE9 /* Images.xcassets */,
				C9ED790615549BCB002064B2 /* Supporting Files */,
			);
			path = Goodnight;
			sourceTree = "<group>";
		};
		C9ED790615549BCB002064B2 /* Supporting Files */ = {
			isa = PBXGroup;
			children = (
				C9ED790715549BCB002064B2 /* Goodnight-Info.plist */,
				C9ED790815549BCB002064B2 /* InfoPlist.strings */,
				C9ED790B15549BCB002064B2 /* main.m */,
				C9ED790D15549BCB002064B2 /* Goodnight-Prefix.pch */,
				C9ED791115549BCB002064B2 /* Goodnight.entitlements */,
			);
			name = "Supporting Files";
			sourceTree = "<group>";
		};
/* End PBXGroup section */

/* Begin PBXNativeTarget section */
		C9ED78FA15549BCB002064B2 /* Goodnight */ = {
			isa = PBXNativeTarget;
			buildConfigurationList = C9ED791B15549BCB002064B2 /* Build configuration list for PBXNativeTarget "Goodnight" */;
			buildPhases = (
				C9ED78F715549BCB002064B2 /* Sources */,
				C9ED78F815549BCB002064B2 /* Frameworks */,
				C9ED78F915549BCB002064B2 /* Resources */,
			);
			buildRules = (
			);
			dependencies = (
			);
			name = Goodnight;
			productName = Goodnight;
			productReference = C9ED78FB15549BCB002064B2 /* Goodnight.app */;
			productType = "com.apple.product-type.application";
		};
/* End PBXNativeTarget section */

/* Begin PBXProject section */
		C9ED78F215549BCB002064B2 /* Project object */ = {
			isa = PBXProject;
			attributes = {
				CLASSPREFIX = GN;
				LastUpgradeCheck = 0500;
				ORGANIZATIONNAME = Matt;
				TargetAttributes = {
					C9ED78FA15549BCB002064B2 = {
						DevelopmentTeam = 3SZ7MS7NXC;
					};
				};
			};
			buildConfigurationList = C9ED78F515549BCB002064B2 /* Build configuration list for PBXProject "Goodnight" */;
			compatibilityVersion = "Xcode 3.2";
			developmentRegion = English;
			hasScannedForEncodings = 0;
			knownRegions = (
				en,
			);
			mainGroup = C9ED78F015549BCB002064B2;
			productRefGroup = C9ED78FC15549BCB002064B2 /* Products */;
			projectDirPath = "";
			projectRoot = "";
			targets = (
				C9ED78FA15549BCB002064B2 /* Goodnight */,
			);
		};
/* End PBXProject section */

/* Begin PBXResourcesBuildPhase section */
		C9ED78F915549BCB002064B2 /* Resources */ = {
			isa = PBXResourcesBuildPhase;
			buildActionMask = 2147483647;
			files = (
				C9ED790A15549BCB002064B2 /* InfoPlist.strings in Resources */,
				C9E6CFD417E2326100E65CE9 /* Images.xcassets in Resources */,
				C91DBAA0180093AD0007DC21 /* GNTimePickerViewController.xib in Resources */,
				C9ED791215549BCB002064B2 /* Goodnight.entitlements in Resources */,
				C968CC4517EA676F005CD5F4 /* GNInfoViewController.xib in Resources */,
				C9F0677D17EBB1B9006E243F /* GNTimesViewController.xib in Resources */,
				C9ED791515549BCB002064B2 /* MainStoryboard.storyboard in Resources */,
			);
			runOnlyForDeploymentPostprocessing = 0;
		};
/* End PBXResourcesBuildPhase section */

/* Begin PBXSourcesBuildPhase section */
		C9ED78F715549BCB002064B2 /* Sources */ = {
			isa = PBXSourcesBuildPhase;
			buildActionMask = 2147483647;
			files = (
				C969822717E6C52C00AB44F6 /* MTZOutlinedButton.m in Sources */,
				C968CC4417EA676F005CD5F4 /* GNInfoViewController.m in Sources */,
				C91DBA9F180093AD0007DC21 /* GNTimePickerViewController.m in Sources */,
				C969822117E54F6D00AB44F6 /* UIImage+BezierPath.m in Sources */,
				C98E128517E7C279009AC0C6 /* MTZTriangleView.m in Sources */,
				C9F0677C17EBB1B9006E243F /* GNTimesViewController.m in Sources */,
				C968CC3917E91711005CD5F4 /* MTZOutlineLayer.m in Sources */,
				C9ED790C15549BCB002064B2 /* main.m in Sources */,
				C9ED791015549BCB002064B2 /* GNAppDelegate.m in Sources */,
				C9ED791815549BCB002064B2 /* GNViewController.m in Sources */,
			);
			runOnlyForDeploymentPostprocessing = 0;
		};
/* End PBXSourcesBuildPhase section */

/* Begin PBXVariantGroup section */
		C9ED790815549BCB002064B2 /* InfoPlist.strings */ = {
			isa = PBXVariantGroup;
			children = (
				C9ED790915549BCB002064B2 /* en */,
			);
			name = InfoPlist.strings;
			sourceTree = "<group>";
		};
		C9ED791315549BCB002064B2 /* MainStoryboard.storyboard */ = {
			isa = PBXVariantGroup;
			children = (
				C9ED791415549BCB002064B2 /* en */,
			);
			name = MainStoryboard.storyboard;
			sourceTree = "<group>";
		};
/* End PBXVariantGroup section */

/* Begin XCBuildConfiguration section */
		C9ED791915549BCB002064B2 /* Debug */ = {
			isa = XCBuildConfiguration;
			buildSettings = {
				ALWAYS_SEARCH_USER_PATHS = NO;
				CLANG_ENABLE_OBJC_ARC = YES;
				CLANG_WARN_BOOL_CONVERSION = YES;
				CLANG_WARN_CONSTANT_CONVERSION = YES;
				CLANG_WARN_EMPTY_BODY = YES;
				CLANG_WARN_ENUM_CONVERSION = YES;
				CLANG_WARN_INT_CONVERSION = YES;
				CLANG_WARN__DUPLICATE_METHOD_MATCH = YES;
				CODE_SIGN_IDENTITY = "";
				"CODE_SIGN_IDENTITY[sdk=iphoneos*]" = "iPhone Developer";
				COPY_PHASE_STRIP = NO;
				GCC_C_LANGUAGE_STANDARD = gnu99;
				GCC_DYNAMIC_NO_PIC = NO;
				GCC_OPTIMIZATION_LEVEL = 0;
				GCC_PREPROCESSOR_DEFINITIONS = (
					"DEBUG=1",
					"$(inherited)",
				);
				GCC_SYMBOLS_PRIVATE_EXTERN = NO;
				GCC_VERSION = com.apple.compilers.llvm.clang.1_0;
				GCC_WARN_64_TO_32_BIT_CONVERSION = YES;
				GCC_WARN_ABOUT_RETURN_TYPE = YES;
				GCC_WARN_UNDECLARED_SELECTOR = YES;
				GCC_WARN_UNINITIALIZED_AUTOS = YES;
				GCC_WARN_UNUSED_FUNCTION = YES;
				GCC_WARN_UNUSED_VARIABLE = YES;
				IPHONEOS_DEPLOYMENT_TARGET = 7.0;
				ONLY_ACTIVE_ARCH = YES;
				SDKROOT = iphoneos;
			};
			name = Debug;
		};
		C9ED791A15549BCB002064B2 /* Release */ = {
			isa = XCBuildConfiguration;
			buildSettings = {
				ALWAYS_SEARCH_USER_PATHS = NO;
				CLANG_ENABLE_OBJC_ARC = YES;
				CLANG_WARN_BOOL_CONVERSION = YES;
				CLANG_WARN_CONSTANT_CONVERSION = YES;
				CLANG_WARN_EMPTY_BODY = YES;
				CLANG_WARN_ENUM_CONVERSION = YES;
				CLANG_WARN_INT_CONVERSION = YES;
				CLANG_WARN__DUPLICATE_METHOD_MATCH = YES;
				CODE_SIGN_IDENTITY = "";
				"CODE_SIGN_IDENTITY[sdk=iphoneos*]" = "iPhone Developer";
				COPY_PHASE_STRIP = YES;
				GCC_C_LANGUAGE_STANDARD = gnu99;
				GCC_VERSION = com.apple.compilers.llvm.clang.1_0;
				GCC_WARN_64_TO_32_BIT_CONVERSION = YES;
				GCC_WARN_ABOUT_RETURN_TYPE = YES;
				GCC_WARN_UNDECLARED_SELECTOR = YES;
				GCC_WARN_UNINITIALIZED_AUTOS = YES;
				GCC_WARN_UNUSED_FUNCTION = YES;
				GCC_WARN_UNUSED_VARIABLE = YES;
				IPHONEOS_DEPLOYMENT_TARGET = 7.0;
				OTHER_CFLAGS = "-DNS_BLOCK_ASSERTIONS=1";
				SDKROOT = iphoneos;
				VALIDATE_PRODUCT = YES;
			};
			name = Release;
		};
		C9ED791C15549BCB002064B2 /* Debug */ = {
			isa = XCBuildConfiguration;
			buildSettings = {
				ASSETCATALOG_COMPILER_APPICON_NAME = AppIcon;
				ASSETCATALOG_COMPILER_LAUNCHIMAGE_NAME = LaunchImage;
				CODE_SIGN_IDENTITY = "iPhone Developer";
				"CODE_SIGN_IDENTITY[sdk=iphoneos*]" = "iPhone Developer";
				GCC_PRECOMPILE_PREFIX_HEADER = YES;
				GCC_PREFIX_HEADER = "Goodnight/Goodnight-Prefix.pch";
				INFOPLIST_FILE = "Goodnight/Goodnight-Info.plist";
				IPHONEOS_DEPLOYMENT_TARGET = 7.0;
				PRODUCT_NAME = "$(TARGET_NAME)";
				PROVISIONING_PROFILE = "";
				TARGETED_DEVICE_FAMILY = 1;
				WRAPPER_EXTENSION = app;
			};
			name = Debug;
		};
		C9ED791D15549BCB002064B2 /* Release */ = {
			isa = XCBuildConfiguration;
			buildSettings = {
				ASSETCATALOG_COMPILER_APPICON_NAME = AppIcon;
				ASSETCATALOG_COMPILER_LAUNCHIMAGE_NAME = LaunchImage;
				CODE_SIGN_IDENTITY = "iPhone Developer";
				"CODE_SIGN_IDENTITY[sdk=iphoneos*]" = "iPhone Developer";
				GCC_PRECOMPILE_PREFIX_HEADER = YES;
				GCC_PREFIX_HEADER = "Goodnight/Goodnight-Prefix.pch";
				INFOPLIST_FILE = "Goodnight/Goodnight-Info.plist";
				IPHONEOS_DEPLOYMENT_TARGET = 7.0;
				PRODUCT_NAME = "$(TARGET_NAME)";
				PROVISIONING_PROFILE = "";
				TARGETED_DEVICE_FAMILY = 1;
				WRAPPER_EXTENSION = app;
			};
			name = Release;
		};
/* End XCBuildConfiguration section */

/* Begin XCConfigurationList section */
		C9ED78F515549BCB002064B2 /* Build configuration list for PBXProject "Goodnight" */ = {
			isa = XCConfigurationList;
			buildConfigurations = (
				C9ED791915549BCB002064B2 /* Debug */,
				C9ED791A15549BCB002064B2 /* Release */,
			);
			defaultConfigurationIsVisible = 0;
			defaultConfigurationName = Release;
		};
		C9ED791B15549BCB002064B2 /* Build configuration list for PBXNativeTarget "Goodnight" */ = {
			isa = XCConfigurationList;
			buildConfigurations = (
				C9ED791C15549BCB002064B2 /* Debug */,
				C9ED791D15549BCB002064B2 /* Release */,
			);
			defaultConfigurationIsVisible = 0;
			defaultConfigurationName = Release;
		};
/* End XCConfigurationList section */
	};
	rootObject = C9ED78F215549BCB002064B2 /* Project object */;
}
